<Solution>
  <Folder Name="/Solution Items/">
    <File Path=".editorconfig" />
    <File Path=".gitignore" />
    <File Path="Directory.Build.props" />
    <File Path="Directory.Packages.props" />
    <File Path="LICENSE" />
    <File Path="README.md" />
  </Folder>
  <Folder Name="/src/">
    <Project Path="src/MessageBus.Abstractions/MessageBus.Abstractions.csproj" />
    <Project Path="src/MessageBus.Core/MessageBus.Core.csproj" />
    <Project Path="src/MessageBus.Explorer/MessageBus.Explorer.csproj" />
    <Project Path="src/MessageBus.OpenTelemetry/MessageBus.OpenTelemetry.csproj" />
    <Project Path="src/MessageBus.Operations.Client/MessageBus.Operations.Client.csproj" />
    <Project Path="src/MessageBus.Operations.Web/MessageBus.Operations.Web.csproj" />
    <Project Path="src/MessageBus.Operations/MessageBus.Operations.csproj" />
    <Project Path="src/MessageBus.Persistence.EntityFrameworkCore/MessageBus.Persistence.EntityFrameworkCore.csproj" />
    <Project Path="src/MessageBus.Serialization.MessagePack/MessageBus.Serialization.MessagePack.csproj" />
    <Project Path="src/MessageBus.Testing/MessageBus.Testing.csproj" />
    <Project Path="src/MessageBus.Transport.AzureServiceBus/MessageBus.Transport.AzureServiceBus.csproj" />
    <Project Path="src/MessageBus.Transport.RabbitMq/MessageBus.Transport.RabbitMq.csproj" />
  </Folder>
  <Folder Name="/tests/">
    <Project Path="src/MessageBus.Core.Tests/MessageBus.Core.Tests.csproj" />
    <Project Path="src/MessageBus.Explorer.Tests/MessageBus.Explorer.Tests.csproj" />
    <Project Path="src/MessageBus.IntegrationTests/MessageBus.IntegrationTests.csproj" />
    <Project Path="src/MessageBus.OpenTelemetry.Tests/MessageBus.OpenTelemetry.Tests.csproj" />
    <Project Path="src/MessageBus.Operations.Tests/MessageBus.Operations.Tests.csproj" />
    <Project Path="src/MessageBus.Persistence.EntityFrameworkCore.Tests/MessageBus.Persistence.EntityFrameworkCore.Tests.csproj" />
    <Project Path="src/MessageBus.Serialization.MessagePack.Tests/MessageBus.Serialization.MessagePack.Tests.csproj" />
    <Project Path="src/MessageBus.Transport.AzureServiceBus.Tests/MessageBus.Transport.AzureServiceBus.Tests.csproj" />
    <Project Path="src/MessageBus.Transport.RabbitMq.Tests/MessageBus.Transport.RabbitMq.Tests.csproj" />
  </Folder>
  <Folder Name="/docs/" />
  <Folder Name="/docs/features/">
    <File Path="docs/features/background-jobs.md" />
    <File Path="docs/features/dependency-injection.md" />
    <File Path="docs/features/deployment.md" />
    <File Path="docs/features/error-and-audit-queues.md" />
    <File Path="docs/features/getting-started.md" />
    <File Path="docs/features/message-explorer.md" />
    <File Path="docs/features/messages-and-routing.md" />
    <File Path="docs/features/observability.md" />
    <File Path="docs/features/operations.md" />
    <File Path="docs/features/persistence-and-outbox.md" />
    <File Path="docs/features/pipeline-and-behaviors.md" />
    <File Path="docs/features/reliability.md" />
    <File Path="docs/features/sagas.md" />
    <File Path="docs/features/sending-and-handling.md" />
    <File Path="docs/features/serialization.md" />
    <File Path="docs/features/storage-tables.md" />
    <File Path="docs/features/testing.md" />
    <File Path="docs/features/transports.md" />
  </Folder>
  <Folder Name="/samples/">
    <Project Path="src/samples/Hosts.Aspire/Hosts.Aspire.csproj" />
    <Project Path="src/samples/Hosts.Billing/Hosts.Billing.csproj" />
    <Project Path="src/samples/Hosts.Infrastructure/Hosts.Infrastructure.csproj" />
    <Project Path="src/samples/Hosts.Orders.Contracts/Hosts.Orders.Contracts.csproj" />
    <Project Path="src/samples/Hosts.Orders/Hosts.Orders.csproj" />
    <Project Path="src/samples/Hosts.ServiceDefaults/Hosts.ServiceDefaults.csproj" />
  </Folder>
</Solution>
